{
  "name": "codeflattener",
  "version": "1.0.0",
  "lockfileVersion": 3,
  "requires": true,
  "packages": {
    "": {
      "name": "codeflattener",
      "version": "1.0.0",
      "license": "MIT",
      "dependencies": {
        "es-module-lexer": "^1.5.3",
        "minimist": "^1.2.8"
      },
      "bin": {
        "codeflattener": "index.mjs"
      }
    },
    "node_modules/es-module-lexer": {
      "version": "1.5.3",
      "resolved": "https://registry.npmjs.org/es-module-lexer/-/es-module-lexer-1.5.3.tgz",
      "integrity": "sha512-i1gCgmR9dCl6Vil6UKPI/trA69s08g/syhiDK9TG0Nf1RJjjFI+AzoWW7sPufzkgYAn861skuCwJa0pIIHYxvg=="
    },
    "node_modules/minimist": {
      "version": "1.2.8",
      "resolved": "https://registry.npmjs.org/minimist/-/minimist-1.2.8.tgz",
      "integrity": "sha512-2yyAR8qBkN3YuheJanUpWC5U3bb5osDywNB8RzDVlDwDHbocAJveqqj1u8+SVD7jkWT4yvsHCpWqqWqAxb0zCA==",
      "funding": {
        "url": "https://github.com/sponsors/ljharb"
      }
    }
  }
}
